# .asp/checks/VENDOR.lock — vendored 檢查本體來源記錄(asp-ng issue #43)
# 格式:<檔名> <上游 repo> <上游路徑> <sha256>
# 更新方式:自上游重新 vendoring 後,以 sha256sum 更新對應列;勿就地改檔。
# 註:test-fresh.sh 為本 repo 自有(P0-5 自 ship-gate hook 抽出),非 vendored,不列入。
git-guard.sh astroicers/asp-ng .asp/checks/git-guard.sh e6cab79fbd4be9890f8719502b7746ba55824113c6da1090c0251d795d58de29
adr-draft.sh astroicers/asp-ng .asp/checks/adr-draft.sh f27c53c2360ca455290ee1434a7f60ce00bc1b30da3f2b03294a78f6e217f384
vendor-verify.sh astroicers/asp-ng .asp/checks/vendor-verify.sh 4c4dc4333b6156684cc3a5f5a3538d3eea35d3b2083923e249eb2bb5df825c9f
